
Microsoft Visual Studio Solution File, Format Version 12.00
# Visual Studio Version 16
VisualStudioVersion = 25.0.1706.1
MinimumVisualStudioVersion = 10.0.40219.1
Project("{FAE04EC0-301F-11D3-BF4B-00C04F79EFBC}") = "DiceRollProject", "DiceRollProject\DiceRollProject.csproj", "{C79E2250-1744-4A50-BDAB-4A31C2E28E54}"
EndProject
Global
	GlobalSection(SolutionConfigurationPlatforms) = preSolution
		Debug|Any CPU = Debug|Any CPU
		Release|Any CPU = Release|Any CPU
	EndGlobalSection
	GlobalSection(ProjectConfigurationPlatforms) = postSolution
		{C79E2250-1744-4A50-BDAB-4A31C2E28E54}.Debug|Any CPU.ActiveCfg = Debug|Any CPU
		{C79E2250-1744-4A50-BDAB-4A31C2E28E54}.Debug|Any CPU.Build.0 = Debug|Any CPU
		{C79E2250-1744-4A50-BDAB-4A31C2E28E54}.Release|Any CPU.ActiveCfg = Release|Any CPU
		{C79E2250-1744-4A50-BDAB-4A31C2E28E54}.Release|Any CPU.Build.0 = Release|Any CPU
	EndGlobalSection
	GlobalSection(SolutionProperties) = preSolution
		HideSolutionNode = FALSE
	EndGlobalSection
	GlobalSection(ExtensibilityGlobals) = postSolution
		SolutionGuid = {EAA0F349-3CE1-4C9F-A5DF-D6AE1386DAA0}
	EndGlobalSection
EndGlobal
