
Microsoft Visual Studio Solution File, Format Version 12.00
# Visual Studio Version 16
VisualStudioVersion = 25.0.1706.0
MinimumVisualStudioVersion = 10.0.40219.1
Project("{FAE04EC0-301F-11D3-BF4B-00C04F79EFBC}") = "TodoList", "TodoList.csproj", "{15F1AC92-E55C-4D7F-9CC8-2297923B97F4}"
EndProject
Global
	GlobalSection(SolutionConfigurationPlatforms) = preSolution
		Debug|Any CPU = Debug|Any CPU
		Release|Any CPU = Release|Any CPU
	EndGlobalSection
	GlobalSection(ProjectConfigurationPlatforms) = postSolution
		{15F1AC92-E55C-4D7F-9CC8-2297923B97F4}.Debug|Any CPU.ActiveCfg = Debug|Any CPU
		{15F1AC92-E55C-4D7F-9CC8-2297923B97F4}.Debug|Any CPU.Build.0 = Debug|Any CPU
		{15F1AC92-E55C-4D7F-9CC8-2297923B97F4}.Release|Any CPU.ActiveCfg = Release|Any CPU
		{15F1AC92-E55C-4D7F-9CC8-2297923B97F4}.Release|Any CPU.Build.0 = Release|Any CPU
	EndGlobalSection
	GlobalSection(SolutionProperties) = preSolution
		HideSolutionNode = FALSE
	EndGlobalSection
	GlobalSection(ExtensibilityGlobals) = postSolution
		SolutionGuid = {C3C4DEE2-9476-4538-8E4D-D2D9219FDE83}
	EndGlobalSection
EndGlobal
